# THIS IS AN AUTOGENERATED FILE. DO NOT EDIT THIS FILE DIRECTLY.
# yarn lockfile v1


"@hookform/resolvers@^3.3.1":
  version "3.3.1"
  resolved "https://registry.yarnpkg.com/@hookform/resolvers/-/resolvers-3.3.1.tgz#b7cbfe767434f52cba6b99b0a9a0b73eb8895188"
  integrity sha512-K7KCKRKjymxIB90nHDQ7b9nli474ru99ZbqxiqDAWYsYhOsU3/4qLxW91y+1n04ic13ajjZ66L3aXbNef8PELQ==

react-hook-form@^7.46.1:
  version "7.46.1"
  resolved "https://registry.yarnpkg.com/react-hook-form/-/react-hook-form-7.46.1.tgz#39347dbff19d980cb41087ac32a57abdc6045bb3"
  integrity sha512-0GfI31LRTBd5tqbXMGXT1Rdsv3rnvy0FjEk8Gn9/4tp6+s77T7DPZuGEpBRXOauL+NhyGT5iaXzdIM2R6F/E+w==
